# This file is automatically @generated by Cargo.
# It is not intended for manual editing.
version = 4

[[package]]
name = "add"
version = "0.3.0"
source = "git+https://github.com/prashant1k99/test-crate-tag.git?tag=add-v0.3.0#0499be6a1a9e1e18943e708895e5d602a9b1540c"

[[package]]
name = "test_tag"
version = "0.1.0"
dependencies = [
 "add",
]
